{
  "name": "scripts",
  "version": "1.0.0",
  "lockfileVersion": 2,
  "requires": true,
  "packages": {
    "": {
      "version": "1.0.0",
      "license": "ISC",
      "dependencies": {
        "json-bigint": "^1.0.0",
        "stream-chain": "^2.2.5",
        "stream-json": "^1.7.4"
      }
    },
    "node_modules/bignumber.js": {
      "version": "9.0.2",
      "resolved": "https://registry.npmjs.org/bignumber.js/-/bignumber.js-9.0.2.tgz",
      "integrity": "sha512-GAcQvbpsM0pUb0zw1EI0KhQEZ+lRwR5fYaAp3vPOYuP7aDvGy6cVN6XHLauvF8SOga2y0dcLcjt3iQDTSEliyw==",
      "engines": {
        "node": "*"
      }
    },
    "node_modules/json-bigint": {
      "version": "1.0.0",
      "resolved": "https://registry.npmjs.org/json-bigint/-/json-bigint-1.0.0.tgz",
      "integrity": "sha512-SiPv/8VpZuWbvLSMtTDU8hEfrZWg/mH/nV/b4o0CYbSxu1UIQPLdwKOCIyLQX+VIPO5vrLX3i8qtqFyhdPSUSQ==",
      "dependencies": {
        "bignumber.js": "^9.0.0"
      }
    },
    "node_modules/stream-chain": {
      "version": "2.2.5",
      "resolved": "https://registry.npmjs.org/stream-chain/-/stream-chain-2.2.5.tgz",
      "integrity": "sha512-1TJmBx6aSWqZ4tx7aTpBDXK0/e2hhcNSTV8+CbFJtDjbb+I1mZ8lHit0Grw9GRT+6JbIrrDd8esncgBi8aBXGA=="
    },
    "node_modules/stream-json": {
      "version": "1.7.4",
      "resolved": "https://registry.npmjs.org/stream-json/-/stream-json-1.7.4.tgz",
      "integrity": "sha512-ja2dde1v7dOlx5/vmavn8kLrxvNfs7r2oNc5DYmNJzayDDdudyCSuTB1gFjH4XBVTIwxiMxL4i059HX+ZiouXg==",
      "dependencies": {
        "stream-chain": "^2.2.5"
      }
    }
  },
  "dependencies": {
    "bignumber.js": {
      "version": "9.0.2",
      "resolved": "https://registry.npmjs.org/bignumber.js/-/bignumber.js-9.0.2.tgz",
      "integrity": "sha512-GAcQvbpsM0pUb0zw1EI0KhQEZ+lRwR5fYaAp3vPOYuP7aDvGy6cVN6XHLauvF8SOga2y0dcLcjt3iQDTSEliyw=="
    },
    "json-bigint": {
      "version": "1.0.0",
      "resolved": "https://registry.npmjs.org/json-bigint/-/json-bigint-1.0.0.tgz",
      "integrity": "sha512-SiPv/8VpZuWbvLSMtTDU8hEfrZWg/mH/nV/b4o0CYbSxu1UIQPLdwKOCIyLQX+VIPO5vrLX3i8qtqFyhdPSUSQ==",
      "requires": {
        "bignumber.js": "^9.0.0"
      }
    },
    "stream-chain": {
      "version": "2.2.5",
      "resolved": "https://registry.npmjs.org/stream-chain/-/stream-chain-2.2.5.tgz",
      "integrity": "sha512-1TJmBx6aSWqZ4tx7aTpBDXK0/e2hhcNSTV8+CbFJtDjbb+I1mZ8lHit0Grw9GRT+6JbIrrDd8esncgBi8aBXGA=="
    },
    "stream-json": {
      "version": "1.7.4",
      "resolved": "https://registry.npmjs.org/stream-json/-/stream-json-1.7.4.tgz",
      "integrity": "sha512-ja2dde1v7dOlx5/vmavn8kLrxvNfs7r2oNc5DYmNJzayDDdudyCSuTB1gFjH4XBVTIwxiMxL4i059HX+ZiouXg==",
      "requires": {
        "stream-chain": "^2.2.5"
      }
    }
  }
}
